
Microsoft Visual Studio Solution File, Format Version 12.00
# Visual Studio 15
VisualStudioVersion = 15.0.28307.1622
MinimumVisualStudioVersion = 10.0.40219.1
Project("{8BC9CEB8-8B4A-11D0-8D11-00A0C91BC942}") = "练习_9_6_", "练习_9_6_\练习_9_6_.vcxproj", "{32A2D252-FC1B-4644-B1A8-FBF3E6515E2A}"
EndProject
Global
	GlobalSection(SolutionConfigurationPlatforms) = preSolution
		Debug|x64 = Debug|x64
		Debug|x86 = Debug|x86
		Release|x64 = Release|x64
		Release|x86 = Release|x86
	EndGlobalSection
	GlobalSection(ProjectConfigurationPlatforms) = postSolution
		{32A2D252-FC1B-4644-B1A8-FBF3E6515E2A}.Debug|x64.ActiveCfg = Debug|x64
		{32A2D252-FC1B-4644-B1A8-FBF3E6515E2A}.Debug|x64.Build.0 = Debug|x64
		{32A2D252-FC1B-4644-B1A8-FBF3E6515E2A}.Debug|x86.ActiveCfg = Debug|Win32
		{32A2D252-FC1B-4644-B1A8-FBF3E6515E2A}.Debug|x86.Build.0 = Debug|Win32
		{32A2D252-FC1B-4644-B1A8-FBF3E6515E2A}.Release|x64.ActiveCfg = Release|x64
		{32A2D252-FC1B-4644-B1A8-FBF3E6515E2A}.Release|x64.Build.0 = Release|x64
		{32A2D252-FC1B-4644-B1A8-FBF3E6515E2A}.Release|x86.ActiveCfg = Release|Win32
		{32A2D252-FC1B-4644-B1A8-FBF3E6515E2A}.Release|x86.Build.0 = Release|Win32
	EndGlobalSection
	GlobalSection(SolutionProperties) = preSolution
		HideSolutionNode = FALSE
	EndGlobalSection
	GlobalSection(ExtensibilityGlobals) = postSolution
		SolutionGuid = {01EAB43F-B7E5-4BA5-9338-328ADEAEBDE1}
	EndGlobalSection
EndGlobal
